
Microsoft Visual Studio Solution File, Format Version 12.00
# Visual Studio Version 17
VisualStudioVersion = 17.0.31903.59
MinimumVisualStudioVersion = 10.0.40219.1
Project("{2150E333-8FDC-42A3-9474-1A3956D46DE8}") = "src", "src", "{E34F17BB-AD93-4233-A75D-244D373C62BF}"
EndProject
Project("{2150E333-8FDC-42A3-9474-1A3956D46DE8}") = "tests", "tests", "{700F1892-7BF0-4995-98B4-71B6334F2055}"
EndProject
Project("{FAE04EC0-301F-11D3-BF4B-00C04F79EFBC}") = "Customer", "src\Customer\Customer.csproj", "{52BA7564-7464-4778-8A6E-491C7360C549}"
EndProject
Global
	GlobalSection(SolutionConfigurationPlatforms) = preSolution
		Debug|Any CPU = Debug|Any CPU
		Release|Any CPU = Release|Any CPU
	EndGlobalSection
	GlobalSection(SolutionProperties) = preSolution
		HideSolutionNode = FALSE
	EndGlobalSection
	GlobalSection(NestedProjects) = preSolution
		{52BA7564-7464-4778-8A6E-491C7360C549} = {E34F17BB-AD93-4233-A75D-244D373C62BF}
	EndGlobalSection
	GlobalSection(ProjectConfigurationPlatforms) = postSolution
		{52BA7564-7464-4778-8A6E-491C7360C549}.Debug|Any CPU.ActiveCfg = Debug|Any CPU
		{52BA7564-7464-4778-8A6E-491C7360C549}.Debug|Any CPU.Build.0 = Debug|Any CPU
		{52BA7564-7464-4778-8A6E-491C7360C549}.Release|Any CPU.ActiveCfg = Release|Any CPU
		{52BA7564-7464-4778-8A6E-491C7360C549}.Release|Any CPU.Build.0 = Release|Any CPU
	EndGlobalSection
EndGlobal
